
Microsoft Visual Studio Solution File, Format Version 11.00
# Visual Studio 2010
Project("{FAE04EC0-301F-11D3-BF4B-00C04F79EFBC}") = "Ailion2.3", "Assembly-CSharp.csproj", "{9956EFB0-7867-4C8A-BA59-4A9D15172D8A}"
EndProject
Project("{FAE04EC0-301F-11D3-BF4B-00C04F79EFBC}") = "Ailion2.3", "Assembly-CSharp-firstpass.csproj", "{22867C56-2D16-532E-31BB-33538A10FD3D}"
EndProject
Project("{FAE04EC0-301F-11D3-BF4B-00C04F79EFBC}") = "Ailion2.3", "Assembly-CSharp-Editor.csproj", "{5C8F542C-38F0-E0E6-879E-C3108D2EA2AC}"
EndProject
Project("{FAE04EC0-301F-11D3-BF4B-00C04F79EFBC}") = "Ailion2.3", "Assembly-CSharp-Editor-firstpass.csproj", "{9506514C-48E8-BD50-FE0B-2795E65B07BD}"
EndProject
Global
	GlobalSection(SolutionConfigurationPlatforms) = preSolution
		Debug|Any CPU = Debug|Any CPU
		Release|Any CPU = Release|Any CPU
	EndGlobalSection
	GlobalSection(ProjectConfigurationPlatforms) = postSolution
		{9956EFB0-7867-4C8A-BA59-4A9D15172D8A}.Debug|Any CPU.ActiveCfg = Debug|Any CPU
		{9956EFB0-7867-4C8A-BA59-4A9D15172D8A}.Debug|Any CPU.Build.0 = Debug|Any CPU
		{9956EFB0-7867-4C8A-BA59-4A9D15172D8A}.Release|Any CPU.ActiveCfg = Release|Any CPU
		{9956EFB0-7867-4C8A-BA59-4A9D15172D8A}.Release|Any CPU.Build.0 = Release|Any CPU
		{22867C56-2D16-532E-31BB-33538A10FD3D}.Debug|Any CPU.ActiveCfg = Debug|Any CPU
		{22867C56-2D16-532E-31BB-33538A10FD3D}.Debug|Any CPU.Build.0 = Debug|Any CPU
		{22867C56-2D16-532E-31BB-33538A10FD3D}.Release|Any CPU.ActiveCfg = Release|Any CPU
		{22867C56-2D16-532E-31BB-33538A10FD3D}.Release|Any CPU.Build.0 = Release|Any CPU
		{5C8F542C-38F0-E0E6-879E-C3108D2EA2AC}.Debug|Any CPU.ActiveCfg = Debug|Any CPU
		{5C8F542C-38F0-E0E6-879E-C3108D2EA2AC}.Debug|Any CPU.Build.0 = Debug|Any CPU
		{5C8F542C-38F0-E0E6-879E-C3108D2EA2AC}.Release|Any CPU.ActiveCfg = Release|Any CPU
		{5C8F542C-38F0-E0E6-879E-C3108D2EA2AC}.Release|Any CPU.Build.0 = Release|Any CPU
		{9506514C-48E8-BD50-FE0B-2795E65B07BD}.Debug|Any CPU.ActiveCfg = Debug|Any CPU
		{9506514C-48E8-BD50-FE0B-2795E65B07BD}.Debug|Any CPU.Build.0 = Debug|Any CPU
		{9506514C-48E8-BD50-FE0B-2795E65B07BD}.Release|Any CPU.ActiveCfg = Release|Any CPU
		{9506514C-48E8-BD50-FE0B-2795E65B07BD}.Release|Any CPU.Build.0 = Release|Any CPU
	EndGlobalSection
	GlobalSection(SolutionProperties) = preSolution
		HideSolutionNode = FALSE
	EndGlobalSection
	GlobalSection(MonoDevelopProperties) = preSolution
		StartupItem = Assembly-CSharp.csproj
	EndGlobalSection
EndGlobal
