
Microsoft Visual Studio Solution File, Format Version 11.00
# Visual Studio 2010
Project("{FAE04EC0-301F-11D3-BF4B-00C04F79EFBC}") = "Ailion1.7", "Assembly-CSharp.csproj", "{E68BF1A7-E377-5C11-4738-5DA6669FA3F1}"
EndProject
Project("{FAE04EC0-301F-11D3-BF4B-00C04F79EFBC}") = "Ailion1.7", "Assembly-CSharp-firstpass.csproj", "{BF52BA7A-0F3D-F054-7B77-CCD2F854BDE4}"
EndProject
Project("{FAE04EC0-301F-11D3-BF4B-00C04F79EFBC}") = "Ailion1.7", "Assembly-CSharp-Editor.csproj", "{F5A71783-5BE7-A1A5-E7A2-D3CB23749A92}"
EndProject
Project("{FAE04EC0-301F-11D3-BF4B-00C04F79EFBC}") = "Ailion1.7", "Assembly-CSharp-Editor-firstpass.csproj", "{A35FBA6A-5EE4-1368-80FA-C1FE95141EC2}"
EndProject
Global
	GlobalSection(SolutionConfigurationPlatforms) = preSolution
		Debug|Any CPU = Debug|Any CPU
		Release|Any CPU = Release|Any CPU
	EndGlobalSection
	GlobalSection(ProjectConfigurationPlatforms) = postSolution
		{E68BF1A7-E377-5C11-4738-5DA6669FA3F1}.Debug|Any CPU.ActiveCfg = Debug|Any CPU
		{E68BF1A7-E377-5C11-4738-5DA6669FA3F1}.Debug|Any CPU.Build.0 = Debug|Any CPU
		{E68BF1A7-E377-5C11-4738-5DA6669FA3F1}.Release|Any CPU.ActiveCfg = Release|Any CPU
		{E68BF1A7-E377-5C11-4738-5DA6669FA3F1}.Release|Any CPU.Build.0 = Release|Any CPU
		{BF52BA7A-0F3D-F054-7B77-CCD2F854BDE4}.Debug|Any CPU.ActiveCfg = Debug|Any CPU
		{BF52BA7A-0F3D-F054-7B77-CCD2F854BDE4}.Debug|Any CPU.Build.0 = Debug|Any CPU
		{BF52BA7A-0F3D-F054-7B77-CCD2F854BDE4}.Release|Any CPU.ActiveCfg = Release|Any CPU
		{BF52BA7A-0F3D-F054-7B77-CCD2F854BDE4}.Release|Any CPU.Build.0 = Release|Any CPU
		{F5A71783-5BE7-A1A5-E7A2-D3CB23749A92}.Debug|Any CPU.ActiveCfg = Debug|Any CPU
		{F5A71783-5BE7-A1A5-E7A2-D3CB23749A92}.Debug|Any CPU.Build.0 = Debug|Any CPU
		{F5A71783-5BE7-A1A5-E7A2-D3CB23749A92}.Release|Any CPU.ActiveCfg = Release|Any CPU
		{F5A71783-5BE7-A1A5-E7A2-D3CB23749A92}.Release|Any CPU.Build.0 = Release|Any CPU
		{A35FBA6A-5EE4-1368-80FA-C1FE95141EC2}.Debug|Any CPU.ActiveCfg = Debug|Any CPU
		{A35FBA6A-5EE4-1368-80FA-C1FE95141EC2}.Debug|Any CPU.Build.0 = Debug|Any CPU
		{A35FBA6A-5EE4-1368-80FA-C1FE95141EC2}.Release|Any CPU.ActiveCfg = Release|Any CPU
		{A35FBA6A-5EE4-1368-80FA-C1FE95141EC2}.Release|Any CPU.Build.0 = Release|Any CPU
	EndGlobalSection
	GlobalSection(SolutionProperties) = preSolution
		HideSolutionNode = FALSE
	EndGlobalSection
	GlobalSection(MonoDevelopProperties) = preSolution
		StartupItem = Assembly-CSharp.csproj
	EndGlobalSection
EndGlobal
