
Microsoft Visual Studio Solution File, Format Version 12.00
# Visual Studio 2015
Project("{FAE04EC0-301F-11D3-BF4B-00C04F79EFBC}") = "Ailion+ProceduralCity", "Ailion+ProceduralCity.csproj", "{67062C21-3848-1EFE-0B14-1315CE2BCB15}"
EndProject
Project("{FAE04EC0-301F-11D3-BF4B-00C04F79EFBC}") = "Ailion+ProceduralCity.Editor", "Ailion+ProceduralCity.Editor.csproj", "{1398FDA5-5820-1426-5EED-C3F77F8AC55B}"
EndProject
Global
	GlobalSection(SolutionConfigurationPlatforms) = preSolution
		Debug|Any CPU = Debug|Any CPU
		Release|Any CPU = Release|Any CPU
	EndGlobalSection
	GlobalSection(ProjectConfigurationPlatforms) = postSolution
		{67062C21-3848-1EFE-0B14-1315CE2BCB15}.Debug|Any CPU.ActiveCfg = Debug|Any CPU
		{67062C21-3848-1EFE-0B14-1315CE2BCB15}.Debug|Any CPU.Build.0 = Debug|Any CPU
		{67062C21-3848-1EFE-0B14-1315CE2BCB15}.Release|Any CPU.ActiveCfg = Release|Any CPU
		{67062C21-3848-1EFE-0B14-1315CE2BCB15}.Release|Any CPU.Build.0 = Release|Any CPU
		{1398FDA5-5820-1426-5EED-C3F77F8AC55B}.Debug|Any CPU.ActiveCfg = Debug|Any CPU
		{1398FDA5-5820-1426-5EED-C3F77F8AC55B}.Debug|Any CPU.Build.0 = Debug|Any CPU
		{1398FDA5-5820-1426-5EED-C3F77F8AC55B}.Release|Any CPU.ActiveCfg = Release|Any CPU
		{1398FDA5-5820-1426-5EED-C3F77F8AC55B}.Release|Any CPU.Build.0 = Release|Any CPU
	EndGlobalSection
	GlobalSection(SolutionProperties) = preSolution
		HideSolutionNode = FALSE
	EndGlobalSection
EndGlobal
